{
  "name": "dispatch-message2listeners",
  "version": "1.0.3",
  "lockfileVersion": 1,
  "requires": true,
  "dependencies": {
    "socketstream2event": {
      "version": "1.0.3",
      "resolved": "https://registry.npmjs.org/socketstream2event/-/socketstream2event-1.0.3.tgz",
      "integrity": "sha512-F3JzPi2O0i8+m5+xdfEEZ342DS4V93rOgasTPNyuHYMqNNMP/zUYWy9YAQFch+xF+brjMioUGXs7HLlwPQstAg=="
    }
  }
}
